
Microsoft Visual Studio Solution File, Format Version 12.00
# Visual Studio Version 16
VisualStudioVersion = 16.0.29503.13
MinimumVisualStudioVersion = 10.0.40219.1
Project("{FAE04EC0-301F-11D3-BF4B-00C04F79EFBC}") = "DataLibrary", "DataLibrary\DataLibrary.csproj", "{5C9421D2-7508-4598-8BED-09F1B3DCFEC5}"
EndProject
Project("{00D1A9C2-B5F0-4AF3-8072-F6C62B433612}") = "QLTuyenDungDB", "QLTuyenDungDB\QLTuyenDungDB.sqlproj", "{0D5B9AA4-0403-4AD0-B010-AC18AEBF8EED}"
EndProject
Project("{FAE04EC0-301F-11D3-BF4B-00C04F79EFBC}") = "QLTuyenDungApp", "QLTuyenDungApp\QLTuyenDungApp.csproj", "{F0BD71DC-6825-4D6B-A474-193DE80C7571}"
EndProject
Project("{54435603-DBB4-11D2-8724-00A0C9A8B90C}") = "Setup", "Setup\Setup.vdproj", "{E495C077-CF60-40A8-97FC-28E4AE033109}"
EndProject
Global
	GlobalSection(SolutionConfigurationPlatforms) = preSolution
		Debug|Any CPU = Debug|Any CPU
		Release|Any CPU = Release|Any CPU
	EndGlobalSection
	GlobalSection(ProjectConfigurationPlatforms) = postSolution
		{5C9421D2-7508-4598-8BED-09F1B3DCFEC5}.Debug|Any CPU.ActiveCfg = Debug|Any CPU
		{5C9421D2-7508-4598-8BED-09F1B3DCFEC5}.Debug|Any CPU.Build.0 = Debug|Any CPU
		{5C9421D2-7508-4598-8BED-09F1B3DCFEC5}.Release|Any CPU.ActiveCfg = Release|Any CPU
		{5C9421D2-7508-4598-8BED-09F1B3DCFEC5}.Release|Any CPU.Build.0 = Release|Any CPU
		{0D5B9AA4-0403-4AD0-B010-AC18AEBF8EED}.Debug|Any CPU.ActiveCfg = Debug|Any CPU
		{0D5B9AA4-0403-4AD0-B010-AC18AEBF8EED}.Debug|Any CPU.Build.0 = Debug|Any CPU
		{0D5B9AA4-0403-4AD0-B010-AC18AEBF8EED}.Debug|Any CPU.Deploy.0 = Debug|Any CPU
		{0D5B9AA4-0403-4AD0-B010-AC18AEBF8EED}.Release|Any CPU.ActiveCfg = Release|Any CPU
		{0D5B9AA4-0403-4AD0-B010-AC18AEBF8EED}.Release|Any CPU.Build.0 = Release|Any CPU
		{0D5B9AA4-0403-4AD0-B010-AC18AEBF8EED}.Release|Any CPU.Deploy.0 = Release|Any CPU
		{F0BD71DC-6825-4D6B-A474-193DE80C7571}.Debug|Any CPU.ActiveCfg = Debug|Any CPU
		{F0BD71DC-6825-4D6B-A474-193DE80C7571}.Debug|Any CPU.Build.0 = Debug|Any CPU
		{F0BD71DC-6825-4D6B-A474-193DE80C7571}.Release|Any CPU.ActiveCfg = Release|Any CPU
		{F0BD71DC-6825-4D6B-A474-193DE80C7571}.Release|Any CPU.Build.0 = Release|Any CPU
		{E495C077-CF60-40A8-97FC-28E4AE033109}.Debug|Any CPU.ActiveCfg = Debug
		{E495C077-CF60-40A8-97FC-28E4AE033109}.Release|Any CPU.ActiveCfg = Release
	EndGlobalSection
	GlobalSection(SolutionProperties) = preSolution
		HideSolutionNode = FALSE
	EndGlobalSection
	GlobalSection(ExtensibilityGlobals) = postSolution
		SolutionGuid = {474ED5BD-3EC1-4489-95B4-74D93A7A9F97}
	EndGlobalSection
EndGlobal
